
Microsoft Visual Studio Solution File, Format Version 12.00
# Visual Studio Version 17
VisualStudioVersion = 17.8.34330.188
MinimumVisualStudioVersion = 10.0.40219.1
Project("{FAE04EC0-301F-11D3-BF4B-00C04F79EFBC}") = "bike-mind-quest", "bike-mind-quest.csproj", "{7616C77C-C1E2-44F7-87FB-8B79638BEFE1}"
EndProject
Global
	GlobalSection(SolutionConfigurationPlatforms) = preSolution
		Debug|Any CPU = Debug|Any CPU
		Release|Any CPU = Release|Any CPU
	EndGlobalSection
	GlobalSection(ProjectConfigurationPlatforms) = postSolution
		{7616C77C-C1E2-44F7-87FB-8B79638BEFE1}.Debug|Any CPU.ActiveCfg = Debug|Any CPU
		{7616C77C-C1E2-44F7-87FB-8B79638BEFE1}.Debug|Any CPU.Build.0 = Debug|Any CPU
		{7616C77C-C1E2-44F7-87FB-8B79638BEFE1}.Release|Any CPU.ActiveCfg = Release|Any CPU
		{7616C77C-C1E2-44F7-87FB-8B79638BEFE1}.Release|Any CPU.Build.0 = Release|Any CPU
	EndGlobalSection
	GlobalSection(SolutionProperties) = preSolution
		HideSolutionNode = FALSE
	EndGlobalSection
	GlobalSection(ExtensibilityGlobals) = postSolution
		SolutionGuid = {A4F12848-9F5B-4558-8185-D0E3D3805737}
	EndGlobalSection
EndGlobal
